// !$*UTF8*$!
{
	archiveVersion = 1;
	classes = {
	};
	objectVersion = 46;
	objects = {

/* Begin PBXBuildFile section */
		5B51CCCC19461ABB00E73015 /* ListPeopleViewController.m in Sources */ = {isa = PBXBuildFile; fileRef = 5B51CCCA19461ABB00E73015 /* ListPeopleViewController.m */; };
		5B51CCCD19461ABB00E73015 /* ListPeopleViewController.xib in Resources */ = {isa = PBXBuildFile; fileRef = 5B51CCCB19461ABB00E73015 /* ListPeopleViewController.xib */; };
		5B51CCD319461B2100E73015 /* GPConfig.m in Sources */ = {isa = PBXBuildFile; fileRef = 5B51CCCF19461B2100E73015 /* GPConfig.m */; };
		5B51CCD419461B2100E73015 /* ShareConfiguration.m in Sources */ = {isa = PBXBuildFile; fileRef = 5B51CCD119461B2100E73015 /* ShareConfiguration.m */; };
		5B51CCD519461B2100E73015 /* ShareConfigurationOptions.plist in Resources */ = {isa = PBXBuildFile; fileRef = 5B51CCD219461B2100E73015 /* ShareConfigurationOptions.plist */; };
		5B51CCD919461B5200E73015 /* SocialSyncVC.m in Sources */ = {isa = PBXBuildFile; fileRef = 5B51CCD819461B5200E73015 /* SocialSyncVC.m */; };
		5B51CCE119461CF000E73015 /* SystemConfiguration.framework in Frameworks */ = {isa = PBXBuildFile; fileRef = 5B51CCE019461CF000E73015 /* SystemConfiguration.framework */; };
		5B51CCE319461CF600E73015 /* Security.framework in Frameworks */ = {isa = PBXBuildFile; fileRef = 5B51CCE219461CF600E73015 /* Security.framework */; };
		5B51CCE519461CFD00E73015 /* MediaPlayer.framework in Frameworks */ = {isa = PBXBuildFile; fileRef = 5B51CCE419461CFD00E73015 /* MediaPlayer.framework */; };
		5B51CCE719461D0300E73015 /* CoreText.framework in Frameworks */ = {isa = PBXBuildFile; fileRef = 5B51CCE619461D0300E73015 /* CoreText.framework */; };
		5B51CCE919461D0900E73015 /* CoreMotion.framework in Frameworks */ = {isa = PBXBuildFile; fileRef = 5B51CCE819461D0900E73015 /* CoreMotion.framework */; };
		5B51CCEB19461D0F00E73015 /* CoreLocation.framework in Frameworks */ = {isa = PBXBuildFile; fileRef = 5B51CCEA19461D0F00E73015 /* CoreLocation.framework */; };
		5B51CCED19461D1500E73015 /* AssetsLibrary.framework in Frameworks */ = {isa = PBXBuildFile; fileRef = 5B51CCEC19461D1500E73015 /* AssetsLibrary.framework */; };
		5B51CCEF19461D1F00E73015 /* AddressBook.framework in Frameworks */ = {isa = PBXBuildFile; fileRef = 5B51CCEE19461D1F00E73015 /* AddressBook.framework */; };
		5B51CCF119461E7E00E73015 /* TopBar.png in Resources */ = {isa = PBXBuildFile; fileRef = 5B51CCF019461E7E00E73015 /* TopBar.png */; };
		5B51CCFA194627DF00E73015 /* GoogleOpenSource.framework in Frameworks */ = {isa = PBXBuildFile; fileRef = 5B51CCF7194627DF00E73015 /* GoogleOpenSource.framework */; };
		5B51CCFB194627DF00E73015 /* GooglePlus.bundle in Resources */ = {isa = PBXBuildFile; fileRef = 5B51CCF8194627DF00E73015 /* GooglePlus.bundle */; };
		5B51CCFC194627DF00E73015 /* GooglePlus.framework in Frameworks */ = {isa = PBXBuildFile; fileRef = 5B51CCF9194627DF00E73015 /* GooglePlus.framework */; };
		5B966976193CE99400D532A4 /* ContactsData.m in Sources */ = {isa = PBXBuildFile; fileRef = 5B966975193CE99400D532A4 /* ContactsData.m */; };
		5B966979193D00C100D532A4 /* AccessContactVC.m in Sources */ = {isa = PBXBuildFile; fileRef = 5B966978193D00C100D532A4 /* AccessContactVC.m */; };
		5B97763A1934F5F300A3BFAE /* color_cord.jpg in Resources */ = {isa = PBXBuildFile; fileRef = 5B9776241934F5F300A3BFAE /* color_cord.jpg */; };
		5B9776461934F63500A3BFAE /* mainStoryboard.storyboard in Resources */ = {isa = PBXBuildFile; fileRef = 5B9776451934F63500A3BFAE /* mainStoryboard.storyboard */; };
		5B9776491934F90D00A3BFAE /* LoginScreenVC.m in Sources */ = {isa = PBXBuildFile; fileRef = 5B9776481934F90D00A3BFAE /* LoginScreenVC.m */; };
		5BD6B1E6193F7AFF00E9C729 /* FacebookSDK.framework in Frameworks */ = {isa = PBXBuildFile; fileRef = 5BD6B1E5193F7AFF00E9C729 /* FacebookSDK.framework */; };
		E72AF122190E806200B905DB /* Foundation.framework in Frameworks */ = {isa = PBXBuildFile; fileRef = E72AF121190E806200B905DB /* Foundation.framework */; };
		E72AF124190E806200B905DB /* CoreGraphics.framework in Frameworks */ = {isa = PBXBuildFile; fileRef = E72AF123190E806200B905DB /* CoreGraphics.framework */; };
		E72AF126190E806200B905DB /* UIKit.framework in Frameworks */ = {isa = PBXBuildFile; fileRef = E72AF125190E806200B905DB /* UIKit.framework */; };
		E72AF12C190E806300B905DB /* InfoPlist.strings in Resources */ = {isa = PBXBuildFile; fileRef = E72AF12A190E806300B905DB /* InfoPlist.strings */; };
		E72AF12E190E806300B905DB /* main.m in Sources */ = {isa = PBXBuildFile; fileRef = E72AF12D190E806300B905DB /* main.m */; };
		E72AF132190E806300B905DB /* AppDelegate.m in Sources */ = {isa = PBXBuildFile; fileRef = E72AF131190E806300B905DB /* AppDelegate.m */; };
		E72AF134190E806300B905DB /* Images.xcassets in Resources */ = {isa = PBXBuildFile; fileRef = E72AF133190E806300B905DB /* Images.xcassets */; };
		E72AF13B190E806300B905DB /* XCTest.framework in Frameworks */ = {isa = PBXBuildFile; fileRef = E72AF13A190E806300B905DB /* XCTest.framework */; };
		E72AF13C190E806300B905DB /* Foundation.framework in Frameworks */ = {isa = PBXBuildFile; fileRef = E72AF121190E806200B905DB /* Foundation.framework */; };
		E72AF13D190E806300B905DB /* UIKit.framework in Frameworks */ = {isa = PBXBuildFile; fileRef = E72AF125190E806200B905DB /* UIKit.framework */; };
		E72AF145190E806300B905DB /* InfoPlist.strings in Resources */ = {isa = PBXBuildFile; fileRef = E72AF143190E806300B905DB /* InfoPlist.strings */; };
		E72AF147190E806300B905DB /* FavrTests.m in Sources */ = {isa = PBXBuildFile; fileRef = E72AF146190E806300B905DB /* FavrTests.m */; };
/* End PBXBuildFile section */

/* Begin PBXContainerItemProxy section */
		E72AF13E190E806300B905DB /* PBXContainerItemProxy */ = {
			isa = PBXContainerItemProxy;
			containerPortal = E72AF116190E806200B905DB /* Project object */;
			proxyType = 1;
			remoteGlobalIDString = E72AF11D190E806200B905DB;
			remoteInfo = Favr;
		};
/* End PBXContainerItemProxy section */

/* Begin PBXFileReference section */
		5B51CCC919461ABB00E73015 /* ListPeopleViewController.h */ = {isa = PBXFileReference; fileEncoding = 4; lastKnownFileType = sourcecode.c.h; path = ListPeopleViewController.h; sourceTree = "<group>"; };
		5B51CCCA19461ABB00E73015 /* ListPeopleViewController.m */ = {isa = PBXFileReference; fileEncoding = 4; lastKnownFileType = sourcecode.c.objc; path = ListPeopleViewController.m; sourceTree = "<group>"; };
		5B51CCCB19461ABB00E73015 /* ListPeopleViewController.xib */ = {isa = PBXFileReference; fileEncoding = 4; lastKnownFileType = file.xib; path = ListPeopleViewController.xib; sourceTree = "<group>"; };
		5B51CCCE19461B2100E73015 /* GPConfig.h */ = {isa = PBXFileReference; fileEncoding = 4; lastKnownFileType = sourcecode.c.h; path = GPConfig.h; sourceTree = "<group>"; };
		5B51CCCF19461B2100E73015 /* GPConfig.m */ = {isa = PBXFileReference; fileEncoding = 4; lastKnownFileType = sourcecode.c.objc; path = GPConfig.m; sourceTree = "<group>"; };
		5B51CCD019461B2100E73015 /* ShareConfiguration.h */ = {isa = PBXFileReference; fileEncoding = 4; lastKnownFileType = sourcecode.c.h; path = ShareConfiguration.h; sourceTree = "<group>"; };
		5B51CCD119461B2100E73015 /* ShareConfiguration.m */ = {isa = PBXFileReference; fileEncoding = 4; lastKnownFileType = sourcecode.c.objc; path = ShareConfiguration.m; sourceTree = "<group>"; };
		5B51CCD219461B2100E73015 /* ShareConfigurationOptions.plist */ = {isa = PBXFileReference; fileEncoding = 4; lastKnownFileType = text.plist.xml; path = ShareConfigurationOptions.plist; sourceTree = "<group>"; };
		5B51CCD719461B5200E73015 /* SocialSyncVC.h */ = {isa = PBXFileReference; fileEncoding = 4; lastKnownFileType = sourcecode.c.h; path = SocialSyncVC.h; sourceTree = "<group>"; };
		5B51CCD819461B5200E73015 /* SocialSyncVC.m */ = {isa = PBXFileReference; fileEncoding = 4; lastKnownFileType = sourcecode.c.objc; path = SocialSyncVC.m; sourceTree = "<group>"; };
		5B51CCE019461CF000E73015 /* SystemConfiguration.framework */ = {isa = PBXFileReference; lastKnownFileType = wrapper.framework; name = SystemConfiguration.framework; path = System/Library/Frameworks/SystemConfiguration.framework; sourceTree = SDKROOT; };
		5B51CCE219461CF600E73015 /* Security.framework */ = {isa = PBXFileReference; lastKnownFileType = wrapper.framework; name = Security.framework; path = System/Library/Frameworks/Security.framework; sourceTree = SDKROOT; };
		5B51CCE419461CFD00E73015 /* MediaPlayer.framework */ = {isa = PBXFileReference; lastKnownFileType = wrapper.framework; name = MediaPlayer.framework; path = System/Library/Frameworks/MediaPlayer.framework; sourceTree = SDKROOT; };
		5B51CCE619461D0300E73015 /* CoreText.framework */ = {isa = PBXFileReference; lastKnownFileType = wrapper.framework; name = CoreText.framework; path = System/Library/Frameworks/CoreText.framework; sourceTree = SDKROOT; };
		5B51CCE819461D0900E73015 /* CoreMotion.framework */ = {isa = PBXFileReference; lastKnownFileType = wrapper.framework; name = CoreMotion.framework; path = System/Library/Frameworks/CoreMotion.framework; sourceTree = SDKROOT; };
		5B51CCEA19461D0F00E73015 /* CoreLocation.framework */ = {isa = PBXFileReference; lastKnownFileType = wrapper.framework; name = CoreLocation.framework; path = System/Library/Frameworks/CoreLocation.framework; sourceTree = SDKROOT; };
		5B51CCEC19461D1500E73015 /* AssetsLibrary.framework */ = {isa = PBXFileReference; lastKnownFileType = wrapper.framework; name = AssetsLibrary.framework; path = System/Library/Frameworks/AssetsLibrary.framework; sourceTree = SDKROOT; };
		5B51CCEE19461D1F00E73015 /* AddressBook.framework */ = {isa = PBXFileReference; lastKnownFileType = wrapper.framework; name = AddressBook.framework; path = System/Library/Frameworks/AddressBook.framework; sourceTree = SDKROOT; };
		5B51CCF019461E7E00E73015 /* TopBar.png */ = {isa = PBXFileReference; lastKnownFileType = image.png; path = TopBar.png; sourceTree = "<group>"; };
		5B51CCF7194627DF00E73015 /* GoogleOpenSource.framework */ = {isa = PBXFileReference; lastKnownFileType = wrapper.framework; path = GoogleOpenSource.framework; sourceTree = "<group>"; };
		5B51CCF8194627DF00E73015 /* GooglePlus.bundle */ = {isa = PBXFileReference; lastKnownFileType = "wrapper.plug-in"; path = GooglePlus.bundle; sourceTree = "<group>"; };
		5B51CCF9194627DF00E73015 /* GooglePlus.framework */ = {isa = PBXFileReference; lastKnownFileType = wrapper.framework; path = GooglePlus.framework; sourceTree = "<group>"; };
		5B966974193CE99400D532A4 /* ContactsData.h */ = {isa = PBXFileReference; fileEncoding = 4; lastKnownFileType = sourcecode.c.h; path = ContactsData.h; sourceTree = "<group>"; };
		5B966975193CE99400D532A4 /* ContactsData.m */ = {isa = PBXFileReference; fileEncoding = 4; lastKnownFileType = sourcecode.c.objc; path = ContactsData.m; sourceTree = "<group>"; };
		5B966977193D00C100D532A4 /* AccessContactVC.h */ = {isa = PBXFileReference; fileEncoding = 4; lastKnownFileType = sourcecode.c.h; path = AccessContactVC.h; sourceTree = "<group>"; };
		5B966978193D00C100D532A4 /* AccessContactVC.m */ = {isa = PBXFileReference; fileEncoding = 4; lastKnownFileType = sourcecode.c.objc; path = AccessContactVC.m; sourceTree = "<group>"; };
		5B9776241934F5F300A3BFAE /* color_cord.jpg */ = {isa = PBXFileReference; lastKnownFileType = image.jpeg; path = color_cord.jpg; sourceTree = "<group>"; };
		5B9776451934F63500A3BFAE /* mainStoryboard.storyboard */ = {isa = PBXFileReference; fileEncoding = 4; lastKnownFileType = file.storyboard; path = mainStoryboard.storyboard; sourceTree = "<group>"; };
		5B9776471934F90D00A3BFAE /* LoginScreenVC.h */ = {isa = PBXFileReference; fileEncoding = 4; lastKnownFileType = sourcecode.c.h; path = LoginScreenVC.h; sourceTree = "<group>"; };
		5B9776481934F90D00A3BFAE /* LoginScreenVC.m */ = {isa = PBXFileReference; fileEncoding = 4; lastKnownFileType = sourcecode.c.objc; path = LoginScreenVC.m; sourceTree = "<group>"; };
		5BD6B1E5193F7AFF00E9C729 /* FacebookSDK.framework */ = {isa = PBXFileReference; lastKnownFileType = wrapper.framework; name = FacebookSDK.framework; path = ../../../Documents/FacebookSDK/FacebookSDK.framework; sourceTree = "<group>"; };
		E72AF11E190E806200B905DB /* Favr.app */ = {isa = PBXFileReference; explicitFileType = wrapper.application; includeInIndex = 0; path = Favr.app; sourceTree = BUILT_PRODUCTS_DIR; };
		E72AF121190E806200B905DB /* Foundation.framework */ = {isa = PBXFileReference; lastKnownFileType = wrapper.framework; name = Foundation.framework; path = System/Library/Frameworks/Foundation.framework; sourceTree = SDKROOT; };
		E72AF123190E806200B905DB /* CoreGraphics.framework */ = {isa = PBXFileReference; lastKnownFileType = wrapper.framework; name = CoreGraphics.framework; path = System/Library/Frameworks/CoreGraphics.framework; sourceTree = SDKROOT; };
		E72AF125190E806200B905DB /* UIKit.framework */ = {isa = PBXFileReference; lastKnownFileType = wrapper.framework; name = UIKit.framework; path = System/Library/Frameworks/UIKit.framework; sourceTree = SDKROOT; };
		E72AF129190E806300B905DB /* Favr-Info.plist */ = {isa = PBXFileReference; lastKnownFileType = text.plist.xml; path = "Favr-Info.plist"; sourceTree = "<group>"; };
		E72AF12B190E806300B905DB /* en */ = {isa = PBXFileReference; lastKnownFileType = text.plist.strings; name = en; path = en.lproj/InfoPlist.strings; sourceTree = "<group>"; };
		E72AF12D190E806300B905DB /* main.m */ = {isa = PBXFileReference; lastKnownFileType = sourcecode.c.objc; path = main.m; sourceTree = "<group>"; };
		E72AF12F190E806300B905DB /* Favr-Prefix.pch */ = {isa = PBXFileReference; lastKnownFileType = sourcecode.c.h; path = "Favr-Prefix.pch"; sourceTree = "<group>"; };
		E72AF130190E806300B905DB /* AppDelegate.h */ = {isa = PBXFileReference; lastKnownFileType = sourcecode.c.h; path = AppDelegate.h; sourceTree = "<group>"; };
		E72AF131190E806300B905DB /* AppDelegate.m */ = {isa = PBXFileReference; lastKnownFileType = sourcecode.c.objc; path = AppDelegate.m; sourceTree = "<group>"; };
		E72AF133190E806300B905DB /* Images.xcassets */ = {isa = PBXFileReference; lastKnownFileType = folder.assetcatalog; path = Images.xcassets; sourceTree = "<group>"; };
		E72AF139190E806300B905DB /* FavrTests.xctest */ = {isa = PBXFileReference; explicitFileType = wrapper.cfbundle; includeInIndex = 0; path = FavrTests.xctest; sourceTree = BUILT_PRODUCTS_DIR; };
		E72AF13A190E806300B905DB /* XCTest.framework */ = {isa = PBXFileReference; lastKnownFileType = wrapper.framework; name = XCTest.framework; path = Library/Frameworks/XCTest.framework; sourceTree = DEVELOPER_DIR; };
		E72AF142190E806300B905DB /* FavrTests-Info.plist */ = {isa = PBXFileReference; lastKnownFileType = text.plist.xml; path = "FavrTests-Info.plist"; sourceTree = "<group>"; };
		E72AF144190E806300B905DB /* en */ = {isa = PBXFileReference; lastKnownFileType = text.plist.strings; name = en; path = en.lproj/InfoPlist.strings; sourceTree = "<group>"; };
		E72AF146190E806300B905DB /* FavrTests.m */ = {isa = PBXFileReference; lastKnownFileType = sourcecode.c.objc; path = FavrTests.m; sourceTree = "<group>"; };
/* End PBXFileReference section */

/* Begin PBXFrameworksBuildPhase section */
		E72AF11B190E806200B905DB /* Frameworks */ = {
			isa = PBXFrameworksBuildPhase;
			buildActionMask = 2147483647;
			files = (
				5B51CCEF19461D1F00E73015 /* AddressBook.framework in Frameworks */,
				5B51CCED19461D1500E73015 /* AssetsLibrary.framework in Frameworks */,
				5B51CCFA194627DF00E73015 /* GoogleOpenSource.framework in Frameworks */,
				5B51CCEB19461D0F00E73015 /* CoreLocation.framework in Frameworks */,
				5B51CCE919461D0900E73015 /* CoreMotion.framework in Frameworks */,
				5B51CCE719461D0300E73015 /* CoreText.framework in Frameworks */,
				5B51CCE519461CFD00E73015 /* MediaPlayer.framework in Frameworks */,
				5B51CCE319461CF600E73015 /* Security.framework in Frameworks */,
				5B51CCE119461CF000E73015 /* SystemConfiguration.framework in Frameworks */,
				5B51CCFC194627DF00E73015 /* GooglePlus.framework in Frameworks */,
				E72AF124190E806200B905DB /* CoreGraphics.framework in Frameworks */,
				5BD6B1E6193F7AFF00E9C729 /* FacebookSDK.framework in Frameworks */,
				E72AF126190E806200B905DB /* UIKit.framework in Frameworks */,
				E72AF122190E806200B905DB /* Foundation.framework in Frameworks */,
			);
			runOnlyForDeploymentPostprocessing = 0;
		};
		E72AF136190E806300B905DB /* Frameworks */ = {
			isa = PBXFrameworksBuildPhase;
			buildActionMask = 2147483647;
			files = (
				E72AF13B190E806300B905DB /* XCTest.framework in Frameworks */,
				E72AF13D190E806300B905DB /* UIKit.framework in Frameworks */,
				E72AF13C190E806300B905DB /* Foundation.framework in Frameworks */,
			);
			runOnlyForDeploymentPostprocessing = 0;
		};
/* End PBXFrameworksBuildPhase section */

/* Begin PBXGroup section */
		5B51CCD619461B2B00E73015 /* GoogleAPi */ = {
			isa = PBXGroup;
			children = (
				5B51CCD719461B5200E73015 /* SocialSyncVC.h */,
				5B51CCD819461B5200E73015 /* SocialSyncVC.m */,
				5B51CCC919461ABB00E73015 /* ListPeopleViewController.h */,
				5B51CCCA19461ABB00E73015 /* ListPeopleViewController.m */,
				5B51CCCB19461ABB00E73015 /* ListPeopleViewController.xib */,
				5B51CCCE19461B2100E73015 /* GPConfig.h */,
				5B51CCCF19461B2100E73015 /* GPConfig.m */,
				5B51CCD019461B2100E73015 /* ShareConfiguration.h */,
				5B51CCD119461B2100E73015 /* ShareConfiguration.m */,
				5B51CCD219461B2100E73015 /* ShareConfigurationOptions.plist */,
			);
			name = GoogleAPi;
			sourceTree = "<group>";
		};
		5B9776181934F5F300A3BFAE /* Login Screen */ = {
			isa = PBXGroup;
			children = (
				5B51CCF019461E7E00E73015 /* TopBar.png */,
				5B9776241934F5F300A3BFAE /* color_cord.jpg */,
			);
			path = "Login Screen";
			sourceTree = "<group>";
		};
		E72AF115190E806200B905DB = {
			isa = PBXGroup;
			children = (
				E72AF127190E806200B905DB /* Favr */,
				E72AF140190E806300B905DB /* FavrTests */,
				E72AF120190E806200B905DB /* Frameworks */,
				E72AF11F190E806200B905DB /* Products */,
			);
			sourceTree = "<group>";
		};
		E72AF11F190E806200B905DB /* Products */ = {
			isa = PBXGroup;
			children = (
				E72AF11E190E806200B905DB /* Favr.app */,
				E72AF139190E806300B905DB /* FavrTests.xctest */,
			);
			name = Products;
			sourceTree = "<group>";
		};
		E72AF120190E806200B905DB /* Frameworks */ = {
			isa = PBXGroup;
			children = (
				5B51CCF7194627DF00E73015 /* GoogleOpenSource.framework */,
				5B51CCF8194627DF00E73015 /* GooglePlus.bundle */,
				5B51CCF9194627DF00E73015 /* GooglePlus.framework */,
				5B51CCEE19461D1F00E73015 /* AddressBook.framework */,
				5B51CCEC19461D1500E73015 /* AssetsLibrary.framework */,
				5B51CCEA19461D0F00E73015 /* CoreLocation.framework */,
				5B51CCE819461D0900E73015 /* CoreMotion.framework */,
				5B51CCE619461D0300E73015 /* CoreText.framework */,
				5B51CCE419461CFD00E73015 /* MediaPlayer.framework */,
				5B51CCE219461CF600E73015 /* Security.framework */,
				5B51CCE019461CF000E73015 /* SystemConfiguration.framework */,
				5BD6B1E5193F7AFF00E9C729 /* FacebookSDK.framework */,
				E72AF121190E806200B905DB /* Foundation.framework */,
				E72AF123190E806200B905DB /* CoreGraphics.framework */,
				E72AF125190E806200B905DB /* UIKit.framework */,
				E72AF13A190E806300B905DB /* XCTest.framework */,
			);
			name = Frameworks;
			sourceTree = "<group>";
		};
		E72AF127190E806200B905DB /* Favr */ = {
			isa = PBXGroup;
			children = (
				E72AF130190E806300B905DB /* AppDelegate.h */,
				E72AF131190E806300B905DB /* AppDelegate.m */,
				5B9776471934F90D00A3BFAE /* LoginScreenVC.h */,
				5B9776481934F90D00A3BFAE /* LoginScreenVC.m */,
				5B9776451934F63500A3BFAE /* mainStoryboard.storyboard */,
				5B966974193CE99400D532A4 /* ContactsData.h */,
				5B966975193CE99400D532A4 /* ContactsData.m */,
				5B966977193D00C100D532A4 /* AccessContactVC.h */,
				5B966978193D00C100D532A4 /* AccessContactVC.m */,
				5B51CCD619461B2B00E73015 /* GoogleAPi */,
				E72AF128190E806300B905DB /* Supporting Files */,
			);
			path = Favr;
			sourceTree = "<group>";
		};
		E72AF128190E806300B905DB /* Supporting Files */ = {
			isa = PBXGroup;
			children = (
				5B9776181934F5F300A3BFAE /* Login Screen */,
				E72AF133190E806300B905DB /* Images.xcassets */,
				E72AF129190E806300B905DB /* Favr-Info.plist */,
				E72AF12A190E806300B905DB /* InfoPlist.strings */,
				E72AF12D190E806300B905DB /* main.m */,
				E72AF12F190E806300B905DB /* Favr-Prefix.pch */,
			);
			name = "Supporting Files";
			sourceTree = "<group>";
		};
		E72AF140190E806300B905DB /* FavrTests */ = {
			isa = PBXGroup;
			children = (
				E72AF146190E806300B905DB /* FavrTests.m */,
				E72AF141190E806300B905DB /* Supporting Files */,
			);
			path = FavrTests;
			sourceTree = "<group>";
		};
		E72AF141190E806300B905DB /* Supporting Files */ = {
			isa = PBXGroup;
			children = (
				E72AF142190E806300B905DB /* FavrTests-Info.plist */,
				E72AF143190E806300B905DB /* InfoPlist.strings */,
			);
			name = "Supporting Files";
			sourceTree = "<group>";
		};
/* End PBXGroup section */

/* Begin PBXNativeTarget section */
		E72AF11D190E806200B905DB /* Favr */ = {
			isa = PBXNativeTarget;
			buildConfigurationList = E72AF14A190E806300B905DB /* Build configuration list for PBXNativeTarget "Favr" */;
			buildPhases = (
				E72AF11A190E806200B905DB /* Sources */,
				E72AF11B190E806200B905DB /* Frameworks */,
				E72AF11C190E806200B905DB /* Resources */,
			);
			buildRules = (
			);
			dependencies = (
			);
			name = Favr;
			productName = Favr;
			productReference = E72AF11E190E806200B905DB /* Favr.app */;
			productType = "com.apple.product-type.application";
		};
		E72AF138190E806300B905DB /* FavrTests */ = {
			isa = PBXNativeTarget;
			buildConfigurationList = E72AF14D190E806300B905DB /* Build configuration list for PBXNativeTarget "FavrTests" */;
			buildPhases = (
				E72AF135190E806300B905DB /* Sources */,
				E72AF136190E806300B905DB /* Frameworks */,
				E72AF137190E806300B905DB /* Resources */,
			);
			buildRules = (
			);
			dependencies = (
				E72AF13F190E806300B905DB /* PBXTargetDependency */,
			);
			name = FavrTests;
			productName = FavrTests;
			productReference = E72AF139190E806300B905DB /* FavrTests.xctest */;
			productType = "com.apple.product-type.bundle.unit-test";
		};
/* End PBXNativeTarget section */

/* Begin PBXProject section */
		E72AF116190E806200B905DB /* Project object */ = {
			isa = PBXProject;
			attributes = {
				LastUpgradeCheck = 0510;
				ORGANIZATIONNAME = Netsmartz;
				TargetAttributes = {
					E72AF138190E806300B905DB = {
						TestTargetID = E72AF11D190E806200B905DB;
					};
				};
			};
			buildConfigurationList = E72AF119190E806200B905DB /* Build configuration list for PBXProject "Favr" */;
			compatibilityVersion = "Xcode 3.2";
			developmentRegion = English;
			hasScannedForEncodings = 0;
			knownRegions = (
				en,
			);
			mainGroup = E72AF115190E806200B905DB;
			productRefGroup = E72AF11F190E806200B905DB /* Products */;
			projectDirPath = "";
			projectRoot = "";
			targets = (
				E72AF11D190E806200B905DB /* Favr */,
				E72AF138190E806300B905DB /* FavrTests */,
			);
		};
/* End PBXProject section */

/* Begin PBXResourcesBuildPhase section */
		E72AF11C190E806200B905DB /* Resources */ = {
			isa = PBXResourcesBuildPhase;
			buildActionMask = 2147483647;
			files = (
				5B97763A1934F5F300A3BFAE /* color_cord.jpg in Resources */,
				E72AF12C190E806300B905DB /* InfoPlist.strings in Resources */,
				5B51CCFB194627DF00E73015 /* GooglePlus.bundle in Resources */,
				5B9776461934F63500A3BFAE /* mainStoryboard.storyboard in Resources */,
				E72AF134190E806300B905DB /* Images.xcassets in Resources */,
				5B51CCD519461B2100E73015 /* ShareConfigurationOptions.plist in Resources */,
				5B51CCF119461E7E00E73015 /* TopBar.png in Resources */,
				5B51CCCD19461ABB00E73015 /* ListPeopleViewController.xib in Resources */,
			);
			runOnlyForDeploymentPostprocessing = 0;
		};
		E72AF137190E806300B905DB /* Resources */ = {
			isa = PBXResourcesBuildPhase;
			buildActionMask = 2147483647;
			files = (
				E72AF145190E806300B905DB /* InfoPlist.strings in Resources */,
			);
			runOnlyForDeploymentPostprocessing = 0;
		};
/* End PBXResourcesBuildPhase section */

/* Begin PBXSourcesBuildPhase section */
		E72AF11A190E806200B905DB /* Sources */ = {
			isa = PBXSourcesBuildPhase;
			buildActionMask = 2147483647;
			files = (
				5B51CCD919461B5200E73015 /* SocialSyncVC.m in Sources */,
				5B9776491934F90D00A3BFAE /* LoginScreenVC.m in Sources */,
				5B51CCD319461B2100E73015 /* GPConfig.m in Sources */,
				5B51CCD419461B2100E73015 /* ShareConfiguration.m in Sources */,
				5B966979193D00C100D532A4 /* AccessContactVC.m in Sources */,
				E72AF132190E806300B905DB /* AppDelegate.m in Sources */,
				5B51CCCC19461ABB00E73015 /* ListPeopleViewController.m in Sources */,
				5B966976193CE99400D532A4 /* ContactsData.m in Sources */,
				E72AF12E190E806300B905DB /* main.m in Sources */,
			);
			runOnlyForDeploymentPostprocessing = 0;
		};
		E72AF135190E806300B905DB /* Sources */ = {
			isa = PBXSourcesBuildPhase;
			buildActionMask = 2147483647;
			files = (
				E72AF147190E806300B905DB /* FavrTests.m in Sources */,
			);
			runOnlyForDeploymentPostprocessing = 0;
		};
/* End PBXSourcesBuildPhase section */

/* Begin PBXTargetDependency section */
		E72AF13F190E806300B905DB /* PBXTargetDependency */ = {
			isa = PBXTargetDependency;
			target = E72AF11D190E806200B905DB /* Favr */;
			targetProxy = E72AF13E190E806300B905DB /* PBXContainerItemProxy */;
		};
/* End PBXTargetDependency section */

/* Begin PBXVariantGroup section */
		E72AF12A190E806300B905DB /* InfoPlist.strings */ = {
			isa = PBXVariantGroup;
			children = (
				E72AF12B190E806300B905DB /* en */,
			);
			name = InfoPlist.strings;
			sourceTree = "<group>";
		};
		E72AF143190E806300B905DB /* InfoPlist.strings */ = {
			isa = PBXVariantGroup;
			children = (
				E72AF144190E806300B905DB /* en */,
			);
			name = InfoPlist.strings;
			sourceTree = "<group>";
		};
/* End PBXVariantGroup section */

/* Begin XCBuildConfiguration section */
		E72AF148190E806300B905DB /* Debug */ = {
			isa = XCBuildConfiguration;
			buildSettings = {
				ALWAYS_SEARCH_USER_PATHS = NO;
				CLANG_CXX_LANGUAGE_STANDARD = "gnu++0x";
				CLANG_CXX_LIBRARY = "libc++";
				CLANG_ENABLE_MODULES = YES;
				CLANG_ENABLE_OBJC_ARC = YES;
				CLANG_WARN_BOOL_CONVERSION = YES;
				CLANG_WARN_CONSTANT_CONVERSION = YES;
				CLANG_WARN_DIRECT_OBJC_ISA_USAGE = YES_ERROR;
				CLANG_WARN_EMPTY_BODY = YES;
				CLANG_WARN_ENUM_CONVERSION = YES;
				CLANG_WARN_INT_CONVERSION = YES;
				CLANG_WARN_OBJC_ROOT_CLASS = YES_ERROR;
				CLANG_WARN__DUPLICATE_METHOD_MATCH = YES;
				"CODE_SIGN_IDENTITY[sdk=iphoneos*]" = "iPhone Developer";
				COPY_PHASE_STRIP = NO;
				GCC_C_LANGUAGE_STANDARD = gnu99;
				GCC_DYNAMIC_NO_PIC = NO;
				GCC_OPTIMIZATION_LEVEL = 0;
				GCC_PREPROCESSOR_DEFINITIONS = (
					"DEBUG=1",
					"$(inherited)",
				);
				GCC_SYMBOLS_PRIVATE_EXTERN = NO;
				GCC_WARN_64_TO_32_BIT_CONVERSION = YES;
				GCC_WARN_ABOUT_RETURN_TYPE = YES_ERROR;
				GCC_WARN_UNDECLARED_SELECTOR = YES;
				GCC_WARN_UNINITIALIZED_AUTOS = YES_AGGRESSIVE;
				GCC_WARN_UNUSED_FUNCTION = YES;
				GCC_WARN_UNUSED_VARIABLE = YES;
				IPHONEOS_DEPLOYMENT_TARGET = 7.0;
				ONLY_ACTIVE_ARCH = YES;
				SDKROOT = iphoneos;
				TARGETED_DEVICE_FAMILY = "1,2";
			};
			name = Debug;
		};
		E72AF149190E806300B905DB /* Release */ = {
			isa = XCBuildConfiguration;
			buildSettings = {
				ALWAYS_SEARCH_USER_PATHS = NO;
				CLANG_CXX_LANGUAGE_STANDARD = "gnu++0x";
				CLANG_CXX_LIBRARY = "libc++";
				CLANG_ENABLE_MODULES = YES;
				CLANG_ENABLE_OBJC_ARC = YES;
				CLANG_WARN_BOOL_CONVERSION = YES;
				CLANG_WARN_CONSTANT_CONVERSION = YES;
				CLANG_WARN_DIRECT_OBJC_ISA_USAGE = YES_ERROR;
				CLANG_WARN_EMPTY_BODY = YES;
				CLANG_WARN_ENUM_CONVERSION = YES;
				CLANG_WARN_INT_CONVERSION = YES;
				CLANG_WARN_OBJC_ROOT_CLASS = YES_ERROR;
				CLANG_WARN__DUPLICATE_METHOD_MATCH = YES;
				"CODE_SIGN_IDENTITY[sdk=iphoneos*]" = "iPhone Developer";
				COPY_PHASE_STRIP = YES;
				ENABLE_NS_ASSERTIONS = NO;
				GCC_C_LANGUAGE_STANDARD = gnu99;
				GCC_WARN_64_TO_32_BIT_CONVERSION = YES;
				GCC_WARN_ABOUT_RETURN_TYPE = YES_ERROR;
				GCC_WARN_UNDECLARED_SELECTOR = YES;
				GCC_WARN_UNINITIALIZED_AUTOS = YES_AGGRESSIVE;
				GCC_WARN_UNUSED_FUNCTION = YES;
				GCC_WARN_UNUSED_VARIABLE = YES;
				IPHONEOS_DEPLOYMENT_TARGET = 7.0;
				SDKROOT = iphoneos;
				TARGETED_DEVICE_FAMILY = "1,2";
				VALIDATE_PRODUCT = YES;
			};
			name = Release;
		};
		E72AF14B190E806300B905DB /* Debug */ = {
			isa = XCBuildConfiguration;
			buildSettings = {
				ASSETCATALOG_COMPILER_APPICON_NAME = AppIcon;
				ASSETCATALOG_COMPILER_LAUNCHIMAGE_NAME = LaunchImage;
				FRAMEWORK_SEARCH_PATHS = (
					"$(inherited)",
					/Users/taranjitsingh/Documents/FacebookSDK,
					/Users/taranjitsingh/Desktop/FavrApp/Favr,
				);
				GCC_PRECOMPILE_PREFIX_HEADER = YES;
				GCC_PREFIX_HEADER = "Favr/Favr-Prefix.pch";
				INFOPLIST_FILE = "Favr/Favr-Info.plist";
				OTHER_LDFLAGS = "-ObjC";
				PRODUCT_NAME = "$(TARGET_NAME)";
				TARGETED_DEVICE_FAMILY = 1;
				WRAPPER_EXTENSION = app;
			};
			name = Debug;
		};
		E72AF14C190E806300B905DB /* Release */ = {
			isa = XCBuildConfiguration;
			buildSettings = {
				ASSETCATALOG_COMPILER_APPICON_NAME = AppIcon;
				ASSETCATALOG_COMPILER_LAUNCHIMAGE_NAME = LaunchImage;
				FRAMEWORK_SEARCH_PATHS = (
					"$(inherited)",
					/Users/taranjitsingh/Documents/FacebookSDK,
					/Users/taranjitsingh/Desktop/FavrApp/Favr,
				);
				GCC_PRECOMPILE_PREFIX_HEADER = YES;
				GCC_PREFIX_HEADER = "Favr/Favr-Prefix.pch";
				INFOPLIST_FILE = "Favr/Favr-Info.plist";
				OTHER_LDFLAGS = "-ObjC";
				PRODUCT_NAME = "$(TARGET_NAME)";
				TARGETED_DEVICE_FAMILY = 1;
				WRAPPER_EXTENSION = app;
			};
			name = Release;
		};
		E72AF14E190E806300B905DB /* Debug */ = {
			isa = XCBuildConfiguration;
			buildSettings = {
				BUNDLE_LOADER = "$(BUILT_PRODUCTS_DIR)/Favr.app/Favr";
				FRAMEWORK_SEARCH_PATHS = (
					"$(SDKROOT)/Developer/Library/Frameworks",
					"$(inherited)",
					"$(DEVELOPER_FRAMEWORKS_DIR)",
				);
				GCC_PRECOMPILE_PREFIX_HEADER = YES;
				GCC_PREFIX_HEADER = "Favr/Favr-Prefix.pch";
				GCC_PREPROCESSOR_DEFINITIONS = (
					"DEBUG=1",
					"$(inherited)",
				);
				INFOPLIST_FILE = "FavrTests/FavrTests-Info.plist";
				PRODUCT_NAME = "$(TARGET_NAME)";
				TEST_HOST = "$(BUNDLE_LOADER)";
				WRAPPER_EXTENSION = xctest;
			};
			name = Debug;
		};
		E72AF14F190E806300B905DB /* Release */ = {
			isa = XCBuildConfiguration;
			buildSettings = {
				BUNDLE_LOADER = "$(BUILT_PRODUCTS_DIR)/Favr.app/Favr";
				FRAMEWORK_SEARCH_PATHS = (
					"$(SDKROOT)/Developer/Library/Frameworks",
					"$(inherited)",
					"$(DEVELOPER_FRAMEWORKS_DIR)",
				);
				GCC_PRECOMPILE_PREFIX_HEADER = YES;
				GCC_PREFIX_HEADER = "Favr/Favr-Prefix.pch";
				INFOPLIST_FILE = "FavrTests/FavrTests-Info.plist";
				PRODUCT_NAME = "$(TARGET_NAME)";
				TEST_HOST = "$(BUNDLE_LOADER)";
				WRAPPER_EXTENSION = xctest;
			};
			name = Release;
		};
/* End XCBuildConfiguration section */

/* Begin XCConfigurationList section */
		E72AF119190E806200B905DB /* Build configuration list for PBXProject "Favr" */ = {
			isa = XCConfigurationList;
			buildConfigurations = (
				E72AF148190E806300B905DB /* Debug */,
				E72AF149190E806300B905DB /* Release */,
			);
			defaultConfigurationIsVisible = 0;
			defaultConfigurationName = Release;
		};
		E72AF14A190E806300B905DB /* Build configuration list for PBXNativeTarget "Favr" */ = {
			isa = XCConfigurationList;
			buildConfigurations = (
				E72AF14B190E806300B905DB /* Debug */,
				E72AF14C190E806300B905DB /* Release */,
			);
			defaultConfigurationIsVisible = 0;
			defaultConfigurationName = Release;
		};
		E72AF14D190E806300B905DB /* Build configuration list for PBXNativeTarget "FavrTests" */ = {
			isa = XCConfigurationList;
			buildConfigurations = (
				E72AF14E190E806300B905DB /* Debug */,
				E72AF14F190E806300B905DB /* Release */,
			);
			defaultConfigurationIsVisible = 0;
			defaultConfigurationName = Release;
		};
/* End XCConfigurationList section */
	};
	rootObject = E72AF116190E806200B905DB /* Project object */;
}
